
Microsoft Visual Studio Solution File, Format Version 12.00
Project("{2150E333-8FDC-42A3-9474-1A3956D46DE8}") = "src", "src", "{2601F6E2-BD2C-419A-91F3-06446AA1E6BC}"
EndProject
Project("{FAE04EC0-301F-11D3-BF4B-00C04F79EFBC}") = "PowerDiary.Domain", "src\PowerDiary.Domain\PowerDiary.Domain.csproj", "{B5979BAF-3CBE-4C7A-9EEC-063295FE7583}"
EndProject
Project("{FAE04EC0-301F-11D3-BF4B-00C04F79EFBC}") = "PowerDiary.Tests", "src\PowerDiary.Tests\PowerDiary.Tests.csproj", "{5F8A27F7-6C61-4F55-86FC-BAF8C3A52619}"
EndProject
Project("{FAE04EC0-301F-11D3-BF4B-00C04F79EFBC}") = "PowerDiary.Repositories.Fake", "src\PowerDiary.Repositories.Fake\PowerDiary.Repositories.Fake.csproj", "{FB142274-77DB-4D87-94FF-6698DA9EE0AF}"
EndProject
Project("{FAE04EC0-301F-11D3-BF4B-00C04F79EFBC}") = "PowerDiary.Web", "src\PowerDiary.Web\PowerDiary.Web.csproj", "{BD39276A-BB21-45A4-B050-3D5680648849}"
EndProject
Project("{FAE04EC0-301F-11D3-BF4B-00C04F79EFBC}") = "PowerDiary.Data", "src\PowerDiary.Data\PowerDiary.Data.csproj", "{EF88BB8F-BDC6-46C5-940F-CD9AB996C3DE}"
EndProject
Global
	GlobalSection(SolutionConfigurationPlatforms) = preSolution
		Debug|Any CPU = Debug|Any CPU
		Release|Any CPU = Release|Any CPU
	EndGlobalSection
	GlobalSection(ProjectConfigurationPlatforms) = postSolution
		{B5979BAF-3CBE-4C7A-9EEC-063295FE7583}.Debug|Any CPU.ActiveCfg = Debug|Any CPU
		{B5979BAF-3CBE-4C7A-9EEC-063295FE7583}.Debug|Any CPU.Build.0 = Debug|Any CPU
		{B5979BAF-3CBE-4C7A-9EEC-063295FE7583}.Release|Any CPU.ActiveCfg = Release|Any CPU
		{B5979BAF-3CBE-4C7A-9EEC-063295FE7583}.Release|Any CPU.Build.0 = Release|Any CPU
		{5F8A27F7-6C61-4F55-86FC-BAF8C3A52619}.Debug|Any CPU.ActiveCfg = Debug|Any CPU
		{5F8A27F7-6C61-4F55-86FC-BAF8C3A52619}.Debug|Any CPU.Build.0 = Debug|Any CPU
		{5F8A27F7-6C61-4F55-86FC-BAF8C3A52619}.Release|Any CPU.ActiveCfg = Release|Any CPU
		{5F8A27F7-6C61-4F55-86FC-BAF8C3A52619}.Release|Any CPU.Build.0 = Release|Any CPU
		{FB142274-77DB-4D87-94FF-6698DA9EE0AF}.Debug|Any CPU.ActiveCfg = Debug|Any CPU
		{FB142274-77DB-4D87-94FF-6698DA9EE0AF}.Debug|Any CPU.Build.0 = Debug|Any CPU
		{FB142274-77DB-4D87-94FF-6698DA9EE0AF}.Release|Any CPU.ActiveCfg = Release|Any CPU
		{FB142274-77DB-4D87-94FF-6698DA9EE0AF}.Release|Any CPU.Build.0 = Release|Any CPU
		{BD39276A-BB21-45A4-B050-3D5680648849}.Debug|Any CPU.ActiveCfg = Debug|Any CPU
		{BD39276A-BB21-45A4-B050-3D5680648849}.Debug|Any CPU.Build.0 = Debug|Any CPU
		{BD39276A-BB21-45A4-B050-3D5680648849}.Release|Any CPU.ActiveCfg = Release|Any CPU
		{BD39276A-BB21-45A4-B050-3D5680648849}.Release|Any CPU.Build.0 = Release|Any CPU
		{EF88BB8F-BDC6-46C5-940F-CD9AB996C3DE}.Debug|Any CPU.ActiveCfg = Debug|Any CPU
		{EF88BB8F-BDC6-46C5-940F-CD9AB996C3DE}.Debug|Any CPU.Build.0 = Debug|Any CPU
		{EF88BB8F-BDC6-46C5-940F-CD9AB996C3DE}.Release|Any CPU.ActiveCfg = Release|Any CPU
		{EF88BB8F-BDC6-46C5-940F-CD9AB996C3DE}.Release|Any CPU.Build.0 = Release|Any CPU
	EndGlobalSection
	GlobalSection(NestedProjects) = preSolution
		{B5979BAF-3CBE-4C7A-9EEC-063295FE7583} = {2601F6E2-BD2C-419A-91F3-06446AA1E6BC}
		{5F8A27F7-6C61-4F55-86FC-BAF8C3A52619} = {2601F6E2-BD2C-419A-91F3-06446AA1E6BC}
		{FB142274-77DB-4D87-94FF-6698DA9EE0AF} = {2601F6E2-BD2C-419A-91F3-06446AA1E6BC}
		{BD39276A-BB21-45A4-B050-3D5680648849} = {2601F6E2-BD2C-419A-91F3-06446AA1E6BC}
		{EF88BB8F-BDC6-46C5-940F-CD9AB996C3DE} = {2601F6E2-BD2C-419A-91F3-06446AA1E6BC}
	EndGlobalSection
EndGlobal
